<?xml version="1.0" encoding="utf-8"?>
<Project ToolsVersion="4.0" xmlns="http://schemas.microsoft.com/developer/msbuild/2003">
  <ItemGroup>
    <Filter Include="Header Files">
      <UniqueIdentifier>{3cc8b1fe-cd32-4909-aafe-2c3a4a16b703}</UniqueIdentifier>
    </Filter>
    <Filter Include="Source Files">
      <UniqueIdentifier>{b0ee31e9-f95b-44cd-aabd-2acdee64c5ca}</UniqueIdentifier>
    </Filter>
    <Filter Include="Source Files\Deprecated">
      <UniqueIdentifier>{f61cfcf8-7d59-4646-950c-68703845c697}</UniqueIdentifier>
    </Filter>
  </ItemGroup>
  <ItemGroup>
    <CudaCompile Include="dothething.cu">
      <Filter>Source Files</Filter>
    </CudaCompile>
    <CudaCompile Include="dothething_overlap.cu">
      <Filter>Source Files\Deprecated</Filter>
    </CudaCompile>
    <CudaCompile Include="kernel.cu">
      <Filter>Source Files\Deprecated</Filter>
    </CudaCompile>
    <CudaCompile Include="perform_fft.cu">
      <Filter>Source Files</Filter>
    </CudaCompile>
  </ItemGroup>
  <ItemGroup>
    <ClInclude Include="cuda_module.h">
      <Filter>Header Files</Filter>
    </ClInclude>
    <ClInclude Include="cuda_process.cuh">
      <Filter>Header Files</Filter>
    </ClInclude>
  </ItemGroup>
</Project>